
Microsoft Visual Studio Solution File, Format Version 12.00
# Visual Studio Version 16
VisualStudioVersion = 16.0.30717.126
MinimumVisualStudioVersion = 10.0.40219.1
Project("{FAE04EC0-301F-11D3-BF4B-00C04F79EFBC}") = "Test", "TestBertoni\Test.csproj", "{B24B74D9-3183-4CC4-874F-113594DB02BE}"
EndProject
Global
	GlobalSection(SolutionConfigurationPlatforms) = preSolution
		Debug|Any CPU = Debug|Any CPU
		Release|Any CPU = Release|Any CPU
	EndGlobalSection
	GlobalSection(ProjectConfigurationPlatforms) = postSolution
		{B24B74D9-3183-4CC4-874F-113594DB02BE}.Debug|Any CPU.ActiveCfg = Debug|Any CPU
		{B24B74D9-3183-4CC4-874F-113594DB02BE}.Debug|Any CPU.Build.0 = Debug|Any CPU
		{B24B74D9-3183-4CC4-874F-113594DB02BE}.Release|Any CPU.ActiveCfg = Release|Any CPU
		{B24B74D9-3183-4CC4-874F-113594DB02BE}.Release|Any CPU.Build.0 = Release|Any CPU
	EndGlobalSection
	GlobalSection(SolutionProperties) = preSolution
		HideSolutionNode = FALSE
	EndGlobalSection
	GlobalSection(ExtensibilityGlobals) = postSolution
		SolutionGuid = {01EE8A19-34AD-412B-8D9B-125666ABB507}
	EndGlobalSection
EndGlobal
